dependencies:
- name: postfix
  repository: https://eea.github.io/helm-charts
  version: 1.1.0
- name: mariadb
  repository: https://charts.bitnami.com/bitnami
  version: 19.1.0
digest: sha256:b9016566f05ce980dcfaa5b6c48163627354ed862944401e375fab6c6a7fc6ea
generated: "2024-10-17T13:29:54.2352753+03:00"
