dependencies:
- name: postfix
  repository: https://eea.github.io/helm-charts
  version: 2.0.1
- name: mariadb
  repository: https://charts.bitnami.com/bitnami
  version: 19.1.0
digest: sha256:390b5b812726028896a0804a61bc024a228e96590afb173873634766a92a1f4d
generated: "2024-11-05T16:06:36.3389377+02:00"
