dependencies:
- name: rn-zeoserver
  repository: https://eea.github.io/helm-charts
  version: 0.1.9
- name: rn-local-converters
  repository: https://eea.github.io/helm-charts
  version: 0.1.6
- name: rn-clamav
  repository: https://eea.github.io/helm-charts
  version: 0.1.8
- name: rn-bdr-ldap
  repository: https://eea.github.io/helm-charts
  version: 0.1.2
- name: rn-bdr-registry
  repository: https://eea.github.io/helm-charts
  version: 0.1.7
- name: postgresql
  repository: https://charts.bitnami.com/bitnami
  version: 15.2.8
- name: postfix
  repository: https://eea.github.io/helm-charts
  version: 3.0.6
- name: rn-bdr-registry-notifications
  repository: https://eea.github.io/helm-charts
  version: 0.1.10
- name: rn-bdr-registry-notifications
  repository: https://eea.github.io/helm-charts
  version: 0.1.10
- name: rn-bdr-european-registry
  repository: https://eea.github.io/helm-charts
  version: 0.1.6
- name: rn-apache
  repository: https://eea.github.io/helm-charts
  version: 0.1.8
digest: sha256:bd62f05e48fa34b784e1c01a4f2f96e189f702813028aa5794da4fa4bcba7d9c
generated: "2025-02-19T10:58:17.330592+02:00"
