dependencies:
- name: rn-zeoserver
  repository: https://eea.github.io/helm-charts
  version: 0.1.9
- name: rn-local-converters
  repository: https://eea.github.io/helm-charts
  version: 0.1.6
- name: rn-clamav
  repository: https://eea.github.io/helm-charts
  version: 0.1.8
- name: rn-bdr-ldap
  repository: https://eea.github.io/helm-charts
  version: 0.1.2
- name: rn-bdr-registry
  repository: https://eea.github.io/helm-charts
  version: 0.1.7
- name: postgresql
  repository: https://charts.bitnami.com/bitnami
  version: 15.2.8
- name: postfix
  repository: https://eea.github.io/helm-charts
  version: 3.0.6
- name: rn-bdr-registry-notifications
  repository: https://eea.github.io/helm-charts
  version: 0.1.10
- name: rn-bdr-registry-notifications
  repository: https://eea.github.io/helm-charts
  version: 0.1.10
- name: rn-bdr-european-registry
  repository: https://eea.github.io/helm-charts
  version: 0.1.7
- name: rn-apache
  repository: https://eea.github.io/helm-charts
  version: 0.1.8
digest: sha256:db2b118339c764bd8c8d3937bcaf65aa22aefdf469fab13431da05eee1e344e5
generated: "2025-02-24T11:12:04.799+02:00"
