dependencies:
- name: rn-zeoserver
  repository: https://eea.github.io/helm-charts
  version: 0.1.5
- name: rn-local-converters
  repository: https://eea.github.io/helm-charts
  version: 0.1.1
- name: rn-clamav
  repository: https://eea.github.io/helm-charts
  version: 0.1.3
- name: rn-bdr-ldap
  repository: https://eea.github.io/helm-charts
  version: 0.1.0
- name: rn-bdr-registry
  repository: https://eea.github.io/helm-charts
  version: 0.1.1
- name: postgresql
  repository: https://charts.bitnami.com/bitnami
  version: 15.2.8
- name: postfix
  repository: https://eea.github.io/helm-charts
  version: 2.0.1
- name: rn-bdr-registry-notifications
  repository: https://eea.github.io/helm-charts
  version: 0.1.0
- name: rn-bdr-registry-notifications
  repository: https://eea.github.io/helm-charts
  version: 0.1.0
- name: rn-bdr-european-registry
  repository: https://eea.github.io/helm-charts
  version: 0.1.0
- name: rn-apache
  repository: https://eea.github.io/helm-charts
  version: 0.1.0
digest: sha256:77ab67b6cfb91a3fa19ee705d1fd39b1d661881b6c670f2bf97d17ea7953e200
generated: "2024-11-05T12:51:01.158161+02:00"
