dependencies:
- name: rn-zeoserver
  repository: https://eea.github.io/helm-charts
  version: 0.1.5
- name: rn-varnish
  repository: https://eea.github.io/helm-charts
  version: 0.1.4
- name: rn-local-converters
  repository: https://eea.github.io/helm-charts
  version: 0.1.2
- name: rn-clamav
  repository: https://eea.github.io/helm-charts
  version: 0.1.2
digest: sha256:473737e00ef086ef559c67ddbd5b7f5cd94d55e983e0c5d5d71440cbe4f7dddb
generated: "2024-10-25T12:15:04.570236+03:00"
