dependencies:
- name: rn-zeoserver
  repository: https://eea.github.io/helm-charts
  version: 0.1.0
- name: rn-varnish
  repository: https://eea.github.io/helm-charts
  version: 0.1.2
- name: rn-local-converters
  repository: https://eea.github.io/helm-charts
  version: 0.1.1
- name: rn-clamav
  repository: https://eea.github.io/helm-charts
  version: 0.1.1
digest: sha256:54d55b8f33b92c877826c1f547df9ecdd4593b8555b2d33e09ed23afc4a9a5b3
generated: "2024-07-18T12:46:10.633519+03:00"
