dependencies:
- name: rn-zeoserver
  repository: https://valentinab25.github.io/helm-charts
  version: 0.1.9
- name: rn-varnish
  repository: https://valentinab25.github.io/helm-charts
  version: 0.2.0
- name: rn-local-converters
  repository: https://valentinab25.github.io/helm-charts
  version: 0.1.6
- name: rn-clamav
  repository: https://valentinab25.github.io/helm-charts
  version: 0.1.8
digest: sha256:7e1932f4319838eeff1e9444a179fa3ba01a3476f434263966dba8d389bd2fd8
generated: "2025-03-05T15:14:06.290042896Z"
