dependencies:
- name: postfix
  repository: https://eea.github.io/helm-charts
  version: 1.1.0
- name: mailtrap
  repository: https://eea.github.io/helm-charts
  version: 1.0.1
digest: sha256:9575789a0ac0cf23a7900e4f756ef775e48c5a2fa943f3f00a18c2299260f07d
generated: "2024-11-01T18:59:33.660068013+02:00"
