dependencies:
- name: postfix
  repository: https://eea.github.io/helm-charts
  version: 1.1.0
- name: mailtrap
  repository: https://eea.github.io/helm-charts
  version: 1.0.1
digest: sha256:2d4a9a74740dabaae52f8c0871df87260371dba9aa63e73bf1d174704b06c013
generated: "2024-10-30T09:34:53.960014746+02:00"
