dependencies:
- name: postfix
  repository: https://eea.github.io/helm-charts
  version: 1.1.0
- name: haproxy
  repository: https://charts.bitnami.com/bitnami
  version: 0.16.2
digest: sha256:5c1f3799989a9352f100a9d8493cc635ca1ec4baf8c726546fa1e5e00be8e0ba
generated: "2024-04-10T09:39:32.064038249+02:00"
