dependencies:
- name: postfix
  repository: https://eea.github.io/helm-charts
  version: 0.2.1
- name: haproxy
  repository: https://charts.bitnami.com/bitnami
  version: 0.16.2
digest: sha256:26fac01dd10cca4fce23a60d12d5d56c2c245ae611ae103ab200a5a901cebb7c
generated: "2024-02-26T16:17:46.113942683+01:00"
