dependencies:
- name: postfix
  repository: https://eea.github.io/helm-charts
  version: 1.1.0
- name: haproxy
  repository: https://charts.bitnami.com/bitnami
  version: 2.1.1
digest: sha256:27cd787c187d0fb19d97fcaf08f70e7ababa82a8cdd7d3f37b772a099aa3f8e5
generated: "2024-08-28T10:35:59.260473936+02:00"
