dependencies:
- name: haproxy
  repository: https://charts.bitnami.com/bitnami
  version: 1.0.4
- name: postgresql
  repository: https://charts.bitnami.com/bitnami
  version: 15.2.5
digest: sha256:e8852a83c3e1036a22499ac9395273e6d9ef0f8d567e914a6e1e1b206fed0eab
generated: "2024-04-16T15:47:01.636689576+02:00"
