dependencies:
- name: haproxy
  repository: https://charts.bitnami.com/bitnami
  version: 1.0.4
- name: postgresql
  repository: https://charts.bitnami.com/bitnami
  version: 15.2.8
digest: sha256:336461710700a5d6f5bcdd222b6474b750402d23f64f68e979b8696b98596ceb
generated: "2024-05-03T09:15:16.853664811+02:00"
