dependencies:
- name: postfix
  repository: https://eea.github.io/helm-charts
  version: 1.1.0
- name: zeoserver
  repository: https://eea.github.io/helm-charts
  version: 0.1.0
digest: sha256:7256cb186921748adc33735ba649c64c77faaa91431b2508dcd4e44057655250
generated: "2024-04-05T14:16:10.104912131+02:00"
