dependencies:
- name: postfix
  repository: https://eea.github.io/helm-charts
  version: 3.0.6
- name: memcached
  repository: https://charts.bitnami.com/bitnami
  version: 7.4.7
digest: sha256:da58bedffd3330d0747f2d15f747df764be374cbc3cb1ae704bd795ffd1b5ba5
generated: "2025-02-17T16:03:05.203043593+01:00"
