dependencies:
- name: postfix
  repository: https://eea.github.io/helm-charts
  version: 0.2.1
- name: zeoserver
  repository: https://eea.github.io/helm-charts
  version: 0.1.0
- name: memcached
  repository: https://charts.bitnami.com/bitnami
  version: 6.6.7
digest: sha256:3145b36e40b1064c9061bcae9bff188c5920423a9ca9e84f50d932df1d880fd9
generated: "2023-12-01T15:06:28.65550243+01:00"
