dependencies:
- name: postfix
  repository: https://eea.github.io/helm-charts
  version: 0.2.1
- name: zeoserver
  repository: https://eea.github.io/helm-charts
  version: 0.1.0
- name: memcached
  repository: https://charts.bitnami.com/bitnami
  version: 6.6.7
- name: haproxy
  repository: https://eea.github.io/helm-charts
  version: 1.8.18
digest: sha256:e788bbbfd33fde6cf3d058702460d1fe679fa0d520ea1f1bb404ef59d653b05e
generated: "2023-12-15T13:42:36.943516119+01:00"
