dependencies:
- name: postfix
  repository: https://eea.github.io/helm-charts
  version: 0.2.1
- name: zeoserver
  repository: https://eea.github.io/helm-charts
  version: 0.1.0
- name: memcached
  repository: https://charts.bitnami.com/bitnami
  version: 6.6.7
- name: haproxy
  repository: https://eea.github.io/helm-charts
  version: 1.8-1.8
digest: sha256:10fdd6de33497d1a115a77f764df96d14dc3f12819dac9cc6b635f596be43a21
generated: "2023-12-15T13:03:19.421482837+01:00"
