dependencies:
- name: postfix
  repository: https://eea.github.io/helm-charts
  version: 1.1.0
- name: memcached
  repository: https://charts.bitnami.com/bitnami
  version: 7.4.7
digest: sha256:1d8f11fa170bbb70fa17477263f3f444ee682f71b71e1c8b6d284778830c2a73
generated: "2024-06-20T13:42:39.9902134+02:00"
