dependencies:
- name: postfix
  repository: https://eea.github.io/helm-charts
  version: 2.0.1
- name: zeoserver
  repository: https://eea.github.io/helm-charts
  version: 0.1.0
- name: memcached
  repository: https://charts.bitnami.com/bitnami
  version: 7.4.13
digest: sha256:ace50b9d57088e4236c0bab6dfb60b44261fb6c6ac0281eb0ee6b0715eb296ea
generated: "2024-09-30T13:28:48.65034991+02:00"
