dependencies:
- name: postfix
  repository: https://eea.github.io/helm-charts
  version: 2.0.1
- name: memcached
  repository: https://charts.bitnami.com/bitnami
  version: 7.4.13
digest: sha256:97122a02aea18312bdbf2c6c6265b0e30f6167dcf3987b30a789e029c9bb01aa
generated: "2024-09-05T13:20:59.247490637+03:00"
