dependencies:
- name: postfix
  repository: https://eea.github.io/helm-charts
  version: 1.1.0
- name: nginx
  repository: https://charts.bitnami.com/bitnami
  version: 18.1.8
digest: sha256:18e10cecb3979bd7ce7c46c23d5818f9b9bf71860f68ac4b5325c1be52fe46af
generated: "2024-08-14T10:21:28.186795728+02:00"
