dependencies:
- name: rn-zeoserver
  repository: https://valentinab25.github.io/helm-charts
  version: 0.1.9
- name: rn-varnish
  repository: https://valentinab25.github.io/helm-charts
  version: 0.2.0
- name: rn-local-converters
  repository: https://valentinab25.github.io/helm-charts
  version: 0.1.6
digest: sha256:6d71d8347f90b977ab88bde0d633aa03eb24058712fb1aa81f124c4f7592aa77
generated: "2025-03-05T15:14:21.243619152Z"
