dependencies:
- name: rn-zeoserver
  repository: https://eea.github.io/helm-charts
  version: 0.1.1
- name: rn-varnish
  repository: https://eea.github.io/helm-charts
  version: 0.1.4
- name: rn-local-converters
  repository: https://eea.github.io/helm-charts
  version: 0.1.2
digest: sha256:11b23e1fffcadbda96f978c9e075ba879939e5560eb4314e58d2e18de4d6c688
generated: "2024-10-22T11:14:09.132004+03:00"
