dependencies:
- name: rn-zeoserver
  repository: https://eea.github.io/helm-charts
  version: 0.1.5
- name: rn-varnish
  repository: https://eea.github.io/helm-charts
  version: 0.1.4
- name: rn-local-converters
  repository: https://eea.github.io/helm-charts
  version: 0.1.2
digest: sha256:ab7d642228730a9d56f41fe0fab5115c0a134506c020796bfd85b08534a217f2
generated: "2024-10-25T11:59:51.476625+03:00"
